
Microsoft Visual Studio Solution File, Format Version 12.00
# Visual Studio Version 17
VisualStudioVersion = 17.3.32929.385
MinimumVisualStudioVersion = 10.0.40219.1
Project("{FAE04EC0-301F-11D3-BF4B-00C04F79EFBC}") = "PieShopProject", "PieShopProject\PieShopProject.csproj", "{0EBDEE64-0883-4D05-8958-91B1DCFE987C}"
EndProject
Project("{FAE04EC0-301F-11D3-BF4B-00C04F79EFBC}") = "PieShop.Models", "PieShop.Models\PieShop.Models.csproj", "{B05C5499-C030-4826-9B00-E8A3FAD12B1A}"
EndProject
Project("{FAE04EC0-301F-11D3-BF4B-00C04F79EFBC}") = "PieShop.DataAccess", "PieShop.DataAccess\PieShop.DataAccess.csproj", "{526EBAAE-4492-4927-86DD-61140D717074}"
EndProject
Global
	GlobalSection(SolutionConfigurationPlatforms) = preSolution
		Debug|Any CPU = Debug|Any CPU
		Release|Any CPU = Release|Any CPU
	EndGlobalSection
	GlobalSection(ProjectConfigurationPlatforms) = postSolution
		{0EBDEE64-0883-4D05-8958-91B1DCFE987C}.Debug|Any CPU.ActiveCfg = Debug|Any CPU
		{0EBDEE64-0883-4D05-8958-91B1DCFE987C}.Debug|Any CPU.Build.0 = Debug|Any CPU
		{0EBDEE64-0883-4D05-8958-91B1DCFE987C}.Release|Any CPU.ActiveCfg = Release|Any CPU
		{0EBDEE64-0883-4D05-8958-91B1DCFE987C}.Release|Any CPU.Build.0 = Release|Any CPU
		{B05C5499-C030-4826-9B00-E8A3FAD12B1A}.Debug|Any CPU.ActiveCfg = Debug|Any CPU
		{B05C5499-C030-4826-9B00-E8A3FAD12B1A}.Debug|Any CPU.Build.0 = Debug|Any CPU
		{B05C5499-C030-4826-9B00-E8A3FAD12B1A}.Release|Any CPU.ActiveCfg = Release|Any CPU
		{B05C5499-C030-4826-9B00-E8A3FAD12B1A}.Release|Any CPU.Build.0 = Release|Any CPU
		{526EBAAE-4492-4927-86DD-61140D717074}.Debug|Any CPU.ActiveCfg = Debug|Any CPU
		{526EBAAE-4492-4927-86DD-61140D717074}.Debug|Any CPU.Build.0 = Debug|Any CPU
		{526EBAAE-4492-4927-86DD-61140D717074}.Release|Any CPU.ActiveCfg = Release|Any CPU
		{526EBAAE-4492-4927-86DD-61140D717074}.Release|Any CPU.Build.0 = Release|Any CPU
	EndGlobalSection
	GlobalSection(SolutionProperties) = preSolution
		HideSolutionNode = FALSE
	EndGlobalSection
	GlobalSection(ExtensibilityGlobals) = postSolution
		SolutionGuid = {CDAB2849-5E84-4FEA-80B9-3C62A1E07CB4}
	EndGlobalSection
EndGlobal
