
Microsoft Visual Studio Solution File, Format Version 12.00
# Visual Studio Version 17
VisualStudioVersion = 17.3.32929.385
MinimumVisualStudioVersion = 10.0.40219.1
Project("{FAE04EC0-301F-11D3-BF4B-00C04F79EFBC}") = "WebLayeredProject", "WebLayeredProject.csproj", "{A145FAFB-4C36-49AA-9A00-9693ED231484}"
EndProject
Project("{FAE04EC0-301F-11D3-BF4B-00C04F79EFBC}") = "EAL_Login", "..\EAL_Login\EAL_Login.csproj", "{C78A040D-8CF4-4C04-8BCB-50CFE5BB1E05}"
EndProject
Project("{FAE04EC0-301F-11D3-BF4B-00C04F79EFBC}") = "DAL_Login", "..\DAL_Login\DAL_Login.csproj", "{88216777-4C04-4A18-956C-DEAFA437E086}"
EndProject
Project("{FAE04EC0-301F-11D3-BF4B-00C04F79EFBC}") = "BAL_Login", "..\BAL_Login\BAL_Login.csproj", "{CE28A3C9-2E51-4D30-9C6D-4BDDDE560B16}"
EndProject
Global
	GlobalSection(SolutionConfigurationPlatforms) = preSolution
		Debug|Any CPU = Debug|Any CPU
		Release|Any CPU = Release|Any CPU
	EndGlobalSection
	GlobalSection(ProjectConfigurationPlatforms) = postSolution
		{A145FAFB-4C36-49AA-9A00-9693ED231484}.Debug|Any CPU.ActiveCfg = Debug|Any CPU
		{A145FAFB-4C36-49AA-9A00-9693ED231484}.Debug|Any CPU.Build.0 = Debug|Any CPU
		{A145FAFB-4C36-49AA-9A00-9693ED231484}.Release|Any CPU.ActiveCfg = Release|Any CPU
		{A145FAFB-4C36-49AA-9A00-9693ED231484}.Release|Any CPU.Build.0 = Release|Any CPU
		{C78A040D-8CF4-4C04-8BCB-50CFE5BB1E05}.Debug|Any CPU.ActiveCfg = Debug|Any CPU
		{C78A040D-8CF4-4C04-8BCB-50CFE5BB1E05}.Debug|Any CPU.Build.0 = Debug|Any CPU
		{C78A040D-8CF4-4C04-8BCB-50CFE5BB1E05}.Release|Any CPU.ActiveCfg = Release|Any CPU
		{C78A040D-8CF4-4C04-8BCB-50CFE5BB1E05}.Release|Any CPU.Build.0 = Release|Any CPU
		{88216777-4C04-4A18-956C-DEAFA437E086}.Debug|Any CPU.ActiveCfg = Debug|Any CPU
		{88216777-4C04-4A18-956C-DEAFA437E086}.Debug|Any CPU.Build.0 = Debug|Any CPU
		{88216777-4C04-4A18-956C-DEAFA437E086}.Release|Any CPU.ActiveCfg = Release|Any CPU
		{88216777-4C04-4A18-956C-DEAFA437E086}.Release|Any CPU.Build.0 = Release|Any CPU
		{CE28A3C9-2E51-4D30-9C6D-4BDDDE560B16}.Debug|Any CPU.ActiveCfg = Debug|Any CPU
		{CE28A3C9-2E51-4D30-9C6D-4BDDDE560B16}.Debug|Any CPU.Build.0 = Debug|Any CPU
		{CE28A3C9-2E51-4D30-9C6D-4BDDDE560B16}.Release|Any CPU.ActiveCfg = Release|Any CPU
		{CE28A3C9-2E51-4D30-9C6D-4BDDDE560B16}.Release|Any CPU.Build.0 = Release|Any CPU
	EndGlobalSection
	GlobalSection(SolutionProperties) = preSolution
		HideSolutionNode = FALSE
	EndGlobalSection
	GlobalSection(ExtensibilityGlobals) = postSolution
		SolutionGuid = {A81B0E89-BEE9-4377-9D0F-33B9598B6CAF}
	EndGlobalSection
EndGlobal
