
Microsoft Visual Studio Solution File, Format Version 12.00
# Visual Studio Version 17
VisualStudioVersion = 17.3.32929.385
MinimumVisualStudioVersion = 10.0.40219.1
Project("{FAE04EC0-301F-11D3-BF4B-00C04F79EFBC}") = "CalculatorDemoApp", "CalculatorDemoApp\CalculatorDemoApp.csproj", "{4599ED0E-AC8C-49FC-BC1D-6A3D4DC52D82}"
EndProject
Global
	GlobalSection(SolutionConfigurationPlatforms) = preSolution
		Debug|Any CPU = Debug|Any CPU
		Release|Any CPU = Release|Any CPU
	EndGlobalSection
	GlobalSection(ProjectConfigurationPlatforms) = postSolution
		{4599ED0E-AC8C-49FC-BC1D-6A3D4DC52D82}.Debug|Any CPU.ActiveCfg = Debug|Any CPU
		{4599ED0E-AC8C-49FC-BC1D-6A3D4DC52D82}.Debug|Any CPU.Build.0 = Debug|Any CPU
		{4599ED0E-AC8C-49FC-BC1D-6A3D4DC52D82}.Release|Any CPU.ActiveCfg = Release|Any CPU
		{4599ED0E-AC8C-49FC-BC1D-6A3D4DC52D82}.Release|Any CPU.Build.0 = Release|Any CPU
	EndGlobalSection
	GlobalSection(SolutionProperties) = preSolution
		HideSolutionNode = FALSE
	EndGlobalSection
	GlobalSection(ExtensibilityGlobals) = postSolution
		SolutionGuid = {E6FAF4B7-C483-4AFA-815A-54C843CC82B4}
	EndGlobalSection
EndGlobal
