
Microsoft Visual Studio Solution File, Format Version 12.00
# Visual Studio Version 17
VisualStudioVersion = 17.3.32929.385
MinimumVisualStudioVersion = 10.0.40219.1
Project("{FAE04EC0-301F-11D3-BF4B-00C04F79EFBC}") = "ModelFirstApproachMVC", "ModelFirstApproachMVC.csproj", "{3A44CDD2-23B6-4588-BF86-4B7366A16FDC}"
EndProject
Global
	GlobalSection(SolutionConfigurationPlatforms) = preSolution
		Debug|Any CPU = Debug|Any CPU
		Release|Any CPU = Release|Any CPU
	EndGlobalSection
	GlobalSection(ProjectConfigurationPlatforms) = postSolution
		{3A44CDD2-23B6-4588-BF86-4B7366A16FDC}.Debug|Any CPU.ActiveCfg = Debug|Any CPU
		{3A44CDD2-23B6-4588-BF86-4B7366A16FDC}.Debug|Any CPU.Build.0 = Debug|Any CPU
		{3A44CDD2-23B6-4588-BF86-4B7366A16FDC}.Release|Any CPU.ActiveCfg = Release|Any CPU
		{3A44CDD2-23B6-4588-BF86-4B7366A16FDC}.Release|Any CPU.Build.0 = Release|Any CPU
	EndGlobalSection
	GlobalSection(SolutionProperties) = preSolution
		HideSolutionNode = FALSE
	EndGlobalSection
	GlobalSection(ExtensibilityGlobals) = postSolution
		SolutionGuid = {17709D9F-B57F-487C-921C-8AB7619AB66C}
	EndGlobalSection
EndGlobal
